Microsoft Visual Studio Solution File, Format Version 12.00
# Visual Studio 2013
VisualStudioVersion = 12.0.40629.0
MinimumVisualStudioVersion = 10.0.40219.1
Project("{8BC9CEB8-8B4A-11D0-8D11-00A0C91BC942}") = "Endox", "Endox.vcxproj", "{E6A8879F-4FBC-40B9-A755-F141BFD6931F}"
	ProjectSection(ProjectDependencies) = postProject
		{EE5FF911-1F3C-41A9-A085-C58A7F7A5C43} = {EE5FF911-1F3C-41A9-A085-C58A7F7A5C43}
	EndProjectSection
EndProject
Project("{8BC9CEB8-8B4A-11D0-8D11-00A0C91BC942}") = "EndoxSyncro", "EndoxSyncro\EndoxSyncro.vcxproj", "{D06B8B9B-B54F-4541-8D14-8034C31B1698}"
EndProject
Project("{8BC9CEB8-8B4A-11D0-8D11-00A0C91BC942}") = "EndoxInstallerSelDB", "EndoxInstallerSelDB\EndoxInstallerSelDB.vcxproj", "{638039D8-67B4-4949-81FA-8FF970A7C3CC}"
EndProject
Project("{8BC9CEB8-8B4A-11D0-8D11-00A0C91BC942}") = "EndoxInstallerSelMIL", "EndoxInstallerSelMIL\EndoxInstallerSelMIL.vcxproj", "{8EE335EA-16DF-4578-A795-586AC256C85F}"
EndProject
Project("{8BC9CEB8-8B4A-11D0-8D11-00A0C91BC942}") = "MoveFile", "MoveFile\MoveFile.vcxproj", "{228C0DB8-6239-4792-AA51-2065880C5507}"
EndProject
Project("{FAE04EC0-301F-11D3-BF4B-00C04F79EFBC}") = "EndoxServer", "EndoxServer\EndoxServer.csproj", "{74A56C3D-BB0C-4FC3-BF58-3AE8A8409896}"
EndProject
Project("{FAE04EC0-301F-11D3-BF4B-00C04F79EFBC}") = "EliminaCode", "EliminaCode\EliminaCode.csproj", "{815B5837-B1F9-48F0-834C-762DC2A4023C}"
EndProject
Project("{8BC9CEB8-8B4A-11D0-8D11-00A0C91BC942}") = "xCapDebug", "xCapDebug\xCapDebug.vcxproj", "{D3043012-7E79-40CE-87BF-12E712AB2BAB}"
EndProject
Project("{FAE04EC0-301F-11D3-BF4B-00C04F79EFBC}") = "TrayServicesManagement", "TrayServicesManagement\TrayServicesManagement.csproj", "{124818C8-9136-4DD7-9AA3-CDC068BC8B56}"
EndProject
Project("{FAE04EC0-301F-11D3-BF4B-00C04F79EFBC}") = "EndoxServerFullInstallerDBStringConnection", "EndoxServerFullInstallerDBStringConnection\EndoxServerFullInstallerDBStringConnection.csproj", "{7BD80B94-ACAA-4B66-9698-9100439B2B79}"
EndProject
Project("{FAE04EC0-301F-11D3-BF4B-00C04F79EFBC}") = "MyPowerShellLauncher", "MyPowerShellLauncher\MyPowerShellLauncher.csproj", "{50D748D7-FBF3-4FE1-B53B-71E76BF98642}"
EndProject
Project("{8BC9CEB8-8B4A-11D0-8D11-00A0C91BC942}") = "ImageArchivePurger", "ImageArchivePurger\ImageArchivePurger.vcxproj", "{1CE251FA-3A60-4FE9-A5CD-8B7424E0C8CE}"
EndProject
Project("{FAE04EC0-301F-11D3-BF4B-00C04F79EFBC}") = "EndoxSyncroGUI", "EndoxSyncroGUI\EndoxSyncroGUI.csproj", "{DED7FE44-9D88-4CD6-A749-FF7D382ACD54}"
EndProject
Project("{8BC9CEB8-8B4A-11D0-8D11-00A0C91BC942}") = "MisureConfig", "MisureConfig\MisureConfig.vcxproj", "{EE5FF911-1F3C-41A9-A085-C58A7F7A5C43}"
EndProject
Project("{2150E333-8FDC-42A3-9474-1A3956D46DE8}") = "Server", "Server", "{E8076833-E7A8-40F9-B257-85CC7B4BFEB5}"
EndProject
Project("{FAE04EC0-301F-11D3-BF4B-00C04F79EFBC}") = "PowerPointCreator", "PowerPointCreator\PowerPointCreator.csproj", "{DA77CE2B-0A9D-4A9C-8035-A15C6416B355}"
EndProject
Project("{FAE04EC0-301F-11D3-BF4B-00C04F79EFBC}") = "VitalSignIntegrationClient", "VitalSignIntegrationClient\VitalSignIntegrationClient.csproj", "{C259C062-E8E1-464D-8982-CE00EB176814}"
EndProject
Project("{2150E333-8FDC-42A3-9474-1A3956D46DE8}") = "Tools", "Tools", "{4C10FB14-D7ED-4ED2-AF28-9573C39F5F67}"
EndProject
Project("{2150E333-8FDC-42A3-9474-1A3956D46DE8}") = "Installer", "Installer", "{5A570DE1-8EB8-4EE8-9384-1393288F260E}"
EndProject
Project("{2150E333-8FDC-42A3-9474-1A3956D46DE8}") = "Demo", "Demo", "{363020D1-885A-4C53-8A02-6E949E6D693F}"
EndProject
Project("{FAE04EC0-301F-11D3-BF4B-00C04F79EFBC}") = "GraphicFilesImporter", "Demo\Aliar\GraphicFilesImporter\GraphicFilesImporter.csproj", "{44584B72-8B00-4603-AD0D-A7F88CA0A537}"
EndProject
Project("{FAE04EC0-301F-11D3-BF4B-00C04F79EFBC}") = "PrintScreenGrabber", "Demo\Aliar\PrintScreenGrabber\PrintScreenGrabber\PrintScreenGrabber.csproj", "{3249CBA7-E602-400C-8CBF-F0C1CC49F266}"
EndProject
Project("{FAE04EC0-301F-11D3-BF4B-00C04F79EFBC}") = "FleuryImporterXmlToDb", "FleuryImporterXmlToDb\FleuryImporterXmlToDb.csproj", "{B4CAF2DA-4872-4CCE-ABA3-81D5EE80F178}"
EndProject
Project("{FAE04EC0-301F-11D3-BF4B-00C04F79EFBC}") = "RemoteReportingAndQualityControlService", "RemoteReportingAndQualityControlService\RemoteReportingAndQualityControlService.csproj", "{B82974A5-6898-4527-B483-60D6703833FF}"
EndProject
Project("{FAE04EC0-301F-11D3-BF4B-00C04F79EFBC}") = "RemoteReportingServer", "RemoteReportingServer\RemoteReportingServer.csproj", "{7725A37A-915C-438B-A70D-35687B19A273}"
EndProject
Project("{8BC9CEB8-8B4A-11D0-8D11-00A0C91BC942}") = "ScanRequestImporter", "ScanRequestImporter\ScanRequestImporter.vcxproj", "{66BDF81F-3B21-4611-8E0A-7C58528224DC}"
EndProject
Project("{8BC9CEB8-8B4A-11D0-8D11-00A0C91BC942}") = "Codejock.ToolkitPro.Shared", "ToolkitPro\Workspace\ToolkitPro\ToolkitProShared.vcxproj", "{57952184-6159-1272-7751-772739552555}"
EndProject
Project("{FAE04EC0-301F-11D3-BF4B-00C04F79EFBC}") = "QualityControlServer", "QualityControlServer\QualityControlServer.csproj", "{2235C3B7-A0EF-4F09-BD76-14D2AE7EBA12}"
EndProject
Project("{FAE04EC0-301F-11D3-BF4B-00C04F79EFBC}") = "FleuryDoctorSync", "FleuryDoctorSync\FleuryDoctorSync.csproj", "{067CA0B8-EE2C-45DA-A018-0A983CDC1E93}"
EndProject
Project("{8BC9CEB8-8B4A-11D0-8D11-00A0C91BC942}") = "xPdfPrint", "xPdfPrint\xPdfPrint.vcxproj", "{58F81070-F1BF-4C55-8275-29F4D76D775A}"
EndProject
Project("{FAE04EC0-301F-11D3-BF4B-00C04F79EFBC}") = "FleuryImagePdfCreator", "FleuryImagePdfCreator\FleuryImagePdfCreator.csproj", "{5E90F182-93B9-4761-89CD-D156B65F31EC}"
EndProject
Project("{FAE04EC0-301F-11D3-BF4B-00C04F79EFBC}") = "FleuryChecklistSync", "FleuryChecklistSync\FleuryChecklistSync.csproj", "{8B689749-0D91-4F48-8539-27DC96899979}"
EndProject
Global
	GlobalSection(SolutionConfigurationPlatforms) = preSolution
		BETA_Release|Any CPU = BETA_Release|Any CPU
		BETA_Release|Mixed Platforms = BETA_Release|Mixed Platforms
		BETA_Release|Win32 = BETA_Release|Win32
		BETA_Release|x86 = BETA_Release|x86
		Debug|Any CPU = Debug|Any CPU
		Debug|Mixed Platforms = Debug|Mixed Platforms
		Debug|Win32 = Debug|Win32
		Debug|x86 = Debug|x86
		Release|Any CPU = Release|Any CPU
		Release|Mixed Platforms = Release|Mixed Platforms
		Release|Win32 = Release|Win32
		Release|x86 = Release|x86
	EndGlobalSection
	GlobalSection(ProjectConfigurationPlatforms) = postSolution
		{E6A8879F-4FBC-40B9-A755-F141BFD6931F}.BETA_Release|Any CPU.ActiveCfg = BETA_Release|Win32
		{E6A8879F-4FBC-40B9-A755-F141BFD6931F}.BETA_Release|Mixed Platforms.ActiveCfg = BETA_Release|Win32
		{E6A8879F-4FBC-40B9-A755-F141BFD6931F}.BETA_Release|Mixed Platforms.Build.0 = BETA_Release|Win32
		{E6A8879F-4FBC-40B9-A755-F141BFD6931F}.BETA_Release|Win32.ActiveCfg = BETA_Release|Win32
		{E6A8879F-4FBC-40B9-A755-F141BFD6931F}.BETA_Release|Win32.Build.0 = BETA_Release|Win32
		{E6A8879F-4FBC-40B9-A755-F141BFD6931F}.BETA_Release|x86.ActiveCfg = BETA_Release|Win32
		{E6A8879F-4FBC-40B9-A755-F141BFD6931F}.BETA_Release|x86.Build.0 = BETA_Release|Win32
		{E6A8879F-4FBC-40B9-A755-F141BFD6931F}.Debug|Any CPU.ActiveCfg = Debug|Win32
		{E6A8879F-4FBC-40B9-A755-F141BFD6931F}.Debug|Any CPU.Build.0 = Debug|Win32
		{E6A8879F-4FBC-40B9-A755-F141BFD6931F}.Debug|Mixed Platforms.ActiveCfg = Debug|Win32
		{E6A8879F-4FBC-40B9-A755-F141BFD6931F}.Debug|Mixed Platforms.Build.0 = Debug|Win32
		{E6A8879F-4FBC-40B9-A755-F141BFD6931F}.Debug|Win32.ActiveCfg = Debug|Win32
		{E6A8879F-4FBC-40B9-A755-F141BFD6931F}.Debug|Win32.Build.0 = Debug|Win32
		{E6A8879F-4FBC-40B9-A755-F141BFD6931F}.Debug|x86.ActiveCfg = Debug|Win32
		{E6A8879F-4FBC-40B9-A755-F141BFD6931F}.Debug|x86.Build.0 = Debug|Win32
		{E6A8879F-4FBC-40B9-A755-F141BFD6931F}.Release|Any CPU.ActiveCfg = Release|Win32
		{E6A8879F-4FBC-40B9-A755-F141BFD6931F}.Release|Mixed Platforms.ActiveCfg = Release|Win32
		{E6A8879F-4FBC-40B9-A755-F141BFD6931F}.Release|Mixed Platforms.Build.0 = Release|Win32
		{E6A8879F-4FBC-40B9-A755-F141BFD6931F}.Release|Win32.ActiveCfg = Release|Win32
		{E6A8879F-4FBC-40B9-A755-F141BFD6931F}.Release|Win32.Build.0 = Release|Win32
		{E6A8879F-4FBC-40B9-A755-F141BFD6931F}.Release|x86.ActiveCfg = Release|Win32
		{E6A8879F-4FBC-40B9-A755-F141BFD6931F}.Release|x86.Build.0 = Release|Win32
		{D06B8B9B-B54F-4541-8D14-8034C31B1698}.BETA_Release|Any CPU.ActiveCfg = BETA_Release|Win32
		{D06B8B9B-B54F-4541-8D14-8034C31B1698}.BETA_Release|Mixed Platforms.ActiveCfg = BETA_Release|Win32
		{D06B8B9B-B54F-4541-8D14-8034C31B1698}.BETA_Release|Mixed Platforms.Build.0 = BETA_Release|Win32
		{D06B8B9B-B54F-4541-8D14-8034C31B1698}.BETA_Release|Win32.ActiveCfg = BETA_Release|Win32
		{D06B8B9B-B54F-4541-8D14-8034C31B1698}.BETA_Release|Win32.Build.0 = BETA_Release|Win32
		{D06B8B9B-B54F-4541-8D14-8034C31B1698}.BETA_Release|x86.ActiveCfg = BETA_Release|Win32
		{D06B8B9B-B54F-4541-8D14-8034C31B1698}.BETA_Release|x86.Build.0 = BETA_Release|Win32
		{D06B8B9B-B54F-4541-8D14-8034C31B1698}.Debug|Any CPU.ActiveCfg = Debug|Win32
		{D06B8B9B-B54F-4541-8D14-8034C31B1698}.Debug|Any CPU.Build.0 = Debug|Win32
		{D06B8B9B-B54F-4541-8D14-8034C31B1698}.Debug|Mixed Platforms.ActiveCfg = Debug|Win32
		{D06B8B9B-B54F-4541-8D14-8034C31B1698}.Debug|Mixed Platforms.Build.0 = Debug|Win32
		{D06B8B9B-B54F-4541-8D14-8034C31B1698}.Debug|Win32.ActiveCfg = Debug|Win32
		{D06B8B9B-B54F-4541-8D14-8034C31B1698}.Debug|Win32.Build.0 = Debug|Win32
		{D06B8B9B-B54F-4541-8D14-8034C31B1698}.Debug|x86.ActiveCfg = Debug|Win32
		{D06B8B9B-B54F-4541-8D14-8034C31B1698}.Debug|x86.Build.0 = Debug|Win32
		{D06B8B9B-B54F-4541-8D14-8034C31B1698}.Release|Any CPU.ActiveCfg = Release|Win32
		{D06B8B9B-B54F-4541-8D14-8034C31B1698}.Release|Mixed Platforms.ActiveCfg = Release|Win32
		{D06B8B9B-B54F-4541-8D14-8034C31B1698}.Release|Mixed Platforms.Build.0 = Release|Win32
		{D06B8B9B-B54F-4541-8D14-8034C31B1698}.Release|Win32.ActiveCfg = Release|Win32
		{D06B8B9B-B54F-4541-8D14-8034C31B1698}.Release|Win32.Build.0 = Release|Win32
		{D06B8B9B-B54F-4541-8D14-8034C31B1698}.Release|x86.ActiveCfg = Release|Win32
		{D06B8B9B-B54F-4541-8D14-8034C31B1698}.Release|x86.Build.0 = Release|Win32
		{638039D8-67B4-4949-81FA-8FF970A7C3CC}.BETA_Release|Any CPU.ActiveCfg = BETA_Release|Win32
		{638039D8-67B4-4949-81FA-8FF970A7C3CC}.BETA_Release|Mixed Platforms.ActiveCfg = BETA_Release|Win32
		{638039D8-67B4-4949-81FA-8FF970A7C3CC}.BETA_Release|Mixed Platforms.Build.0 = BETA_Release|Win32
		{638039D8-67B4-4949-81FA-8FF970A7C3CC}.BETA_Release|Win32.ActiveCfg = BETA_Release|Win32
		{638039D8-67B4-4949-81FA-8FF970A7C3CC}.BETA_Release|Win32.Build.0 = BETA_Release|Win32
		{638039D8-67B4-4949-81FA-8FF970A7C3CC}.BETA_Release|x86.ActiveCfg = BETA_Release|Win32
		{638039D8-67B4-4949-81FA-8FF970A7C3CC}.BETA_Release|x86.Build.0 = BETA_Release|Win32
		{638039D8-67B4-4949-81FA-8FF970A7C3CC}.Debug|Any CPU.ActiveCfg = Debug|Win32
		{638039D8-67B4-4949-81FA-8FF970A7C3CC}.Debug|Any CPU.Build.0 = Debug|Win32
		{638039D8-67B4-4949-81FA-8FF970A7C3CC}.Debug|Mixed Platforms.ActiveCfg = Debug|Win32
		{638039D8-67B4-4949-81FA-8FF970A7C3CC}.Debug|Mixed Platforms.Build.0 = Debug|Win32
		{638039D8-67B4-4949-81FA-8FF970A7C3CC}.Debug|Win32.ActiveCfg = Debug|Win32
		{638039D8-67B4-4949-81FA-8FF970A7C3CC}.Debug|Win32.Build.0 = Debug|Win32
		{638039D8-67B4-4949-81FA-8FF970A7C3CC}.Debug|x86.ActiveCfg = Debug|Win32
		{638039D8-67B4-4949-81FA-8FF970A7C3CC}.Debug|x86.Build.0 = Debug|Win32
		{638039D8-67B4-4949-81FA-8FF970A7C3CC}.Release|Any CPU.ActiveCfg = Release|Win32
		{638039D8-67B4-4949-81FA-8FF970A7C3CC}.Release|Mixed Platforms.ActiveCfg = Release|Win32
		{638039D8-67B4-4949-81FA-8FF970A7C3CC}.Release|Mixed Platforms.Build.0 = Release|Win32
		{638039D8-67B4-4949-81FA-8FF970A7C3CC}.Release|Win32.ActiveCfg = Release|Win32
		{638039D8-67B4-4949-81FA-8FF970A7C3CC}.Release|Win32.Build.0 = Release|Win32
		{638039D8-67B4-4949-81FA-8FF970A7C3CC}.Release|x86.ActiveCfg = Release|Win32
		{638039D8-67B4-4949-81FA-8FF970A7C3CC}.Release|x86.Build.0 = Release|Win32
		{8EE335EA-16DF-4578-A795-586AC256C85F}.BETA_Release|Any CPU.ActiveCfg = BETA_Release|Win32
		{8EE335EA-16DF-4578-A795-586AC256C85F}.BETA_Release|Mixed Platforms.ActiveCfg = BETA_Release|Win32
		{8EE335EA-16DF-4578-A795-586AC256C85F}.BETA_Release|Mixed Platforms.Build.0 = BETA_Release|Win32
		{8EE335EA-16DF-4578-A795-586AC256C85F}.BETA_Release|Win32.ActiveCfg = BETA_Release|Win32
		{8EE335EA-16DF-4578-A795-586AC256C85F}.BETA_Release|Win32.Build.0 = BETA_Release|Win32
		{8EE335EA-16DF-4578-A795-586AC256C85F}.BETA_Release|x86.ActiveCfg = BETA_Release|Win32
		{8EE335EA-16DF-4578-A795-586AC256C85F}.BETA_Release|x86.Build.0 = BETA_Release|Win32
		{8EE335EA-16DF-4578-A795-586AC256C85F}.Debug|Any CPU.ActiveCfg = Debug|Win32
		{8EE335EA-16DF-4578-A795-586AC256C85F}.Debug|Any CPU.Build.0 = Debug|Win32
		{8EE335EA-16DF-4578-A795-586AC256C85F}.Debug|Mixed Platforms.ActiveCfg = Debug|Win32
		{8EE335EA-16DF-4578-A795-586AC256C85F}.Debug|Mixed Platforms.Build.0 = Debug|Win32
		{8EE335EA-16DF-4578-A795-586AC256C85F}.Debug|Win32.ActiveCfg = Debug|Win32
		{8EE335EA-16DF-4578-A795-586AC256C85F}.Debug|Win32.Build.0 = Debug|Win32
		{8EE335EA-16DF-4578-A795-586AC256C85F}.Debug|x86.ActiveCfg = Debug|Win32
		{8EE335EA-16DF-4578-A795-586AC256C85F}.Debug|x86.Build.0 = Debug|Win32
		{8EE335EA-16DF-4578-A795-586AC256C85F}.Release|Any CPU.ActiveCfg = Release|Win32
		{8EE335EA-16DF-4578-A795-586AC256C85F}.Release|Mixed Platforms.ActiveCfg = Release|Win32
		{8EE335EA-16DF-4578-A795-586AC256C85F}.Release|Mixed Platforms.Build.0 = Release|Win32
		{8EE335EA-16DF-4578-A795-586AC256C85F}.Release|Win32.ActiveCfg = Release|Win32
		{8EE335EA-16DF-4578-A795-586AC256C85F}.Release|Win32.Build.0 = Release|Win32
		{8EE335EA-16DF-4578-A795-586AC256C85F}.Release|x86.ActiveCfg = Release|Win32
		{8EE335EA-16DF-4578-A795-586AC256C85F}.Release|x86.Build.0 = Release|Win32
		{228C0DB8-6239-4792-AA51-2065880C5507}.BETA_Release|Any CPU.ActiveCfg = BETA_Release|Win32
		{228C0DB8-6239-4792-AA51-2065880C5507}.BETA_Release|Mixed Platforms.ActiveCfg = BETA_Release|Win32
		{228C0DB8-6239-4792-AA51-2065880C5507}.BETA_Release|Mixed Platforms.Build.0 = BETA_Release|Win32
		{228C0DB8-6239-4792-AA51-2065880C5507}.BETA_Release|Win32.ActiveCfg = BETA_Release|Win32
		{228C0DB8-6239-4792-AA51-2065880C5507}.BETA_Release|Win32.Build.0 = BETA_Release|Win32
		{228C0DB8-6239-4792-AA51-2065880C5507}.BETA_Release|x86.ActiveCfg = BETA_Release|Win32
		{228C0DB8-6239-4792-AA51-2065880C5507}.BETA_Release|x86.Build.0 = BETA_Release|Win32
		{228C0DB8-6239-4792-AA51-2065880C5507}.Debug|Any CPU.ActiveCfg = Debug|Win32
		{228C0DB8-6239-4792-AA51-2065880C5507}.Debug|Any CPU.Build.0 = Debug|Win32
		{228C0DB8-6239-4792-AA51-2065880C5507}.Debug|Mixed Platforms.ActiveCfg = Debug|Win32
		{228C0DB8-6239-4792-AA51-2065880C5507}.Debug|Mixed Platforms.Build.0 = Debug|Win32
		{228C0DB8-6239-4792-AA51-2065880C5507}.Debug|Win32.ActiveCfg = Debug|Win32
		{228C0DB8-6239-4792-AA51-2065880C5507}.Debug|Win32.Build.0 = Debug|Win32
		{228C0DB8-6239-4792-AA51-2065880C5507}.Debug|x86.ActiveCfg = Debug|Win32
		{228C0DB8-6239-4792-AA51-2065880C5507}.Debug|x86.Build.0 = Debug|Win32
		{228C0DB8-6239-4792-AA51-2065880C5507}.Release|Any CPU.ActiveCfg = Release|Win32
		{228C0DB8-6239-4792-AA51-2065880C5507}.Release|Mixed Platforms.ActiveCfg = Release|Win32
		{228C0DB8-6239-4792-AA51-2065880C5507}.Release|Mixed Platforms.Build.0 = Release|Win32
		{228C0DB8-6239-4792-AA51-2065880C5507}.Release|Win32.ActiveCfg = Release|Win32
		{228C0DB8-6239-4792-AA51-2065880C5507}.Release|Win32.Build.0 = Release|Win32
		{228C0DB8-6239-4792-AA51-2065880C5507}.Release|x86.ActiveCfg = Release|Win32
		{228C0DB8-6239-4792-AA51-2065880C5507}.Release|x86.Build.0 = Release|Win32
		{74A56C3D-BB0C-4FC3-BF58-3AE8A8409896}.BETA_Release|Any CPU.ActiveCfg = BETA_Release|x86
		{74A56C3D-BB0C-4FC3-BF58-3AE8A8409896}.BETA_Release|Any CPU.Build.0 = BETA_Release|x86
		{74A56C3D-BB0C-4FC3-BF58-3AE8A8409896}.BETA_Release|Mixed Platforms.ActiveCfg = BETA_Release|x86
		{74A56C3D-BB0C-4FC3-BF58-3AE8A8409896}.BETA_Release|Mixed Platforms.Build.0 = BETA_Release|x86
		{74A56C3D-BB0C-4FC3-BF58-3AE8A8409896}.BETA_Release|Win32.ActiveCfg = BETA_Release|x86
		{74A56C3D-BB0C-4FC3-BF58-3AE8A8409896}.BETA_Release|Win32.Build.0 = BETA_Release|x86
		{74A56C3D-BB0C-4FC3-BF58-3AE8A8409896}.BETA_Release|x86.ActiveCfg = BETA_Release|x86
		{74A56C3D-BB0C-4FC3-BF58-3AE8A8409896}.BETA_Release|x86.Build.0 = BETA_Release|x86
		{74A56C3D-BB0C-4FC3-BF58-3AE8A8409896}.Debug|Any CPU.ActiveCfg = Debug|x86
		{74A56C3D-BB0C-4FC3-BF58-3AE8A8409896}.Debug|Any CPU.Build.0 = Debug|x86
		{74A56C3D-BB0C-4FC3-BF58-3AE8A8409896}.Debug|Mixed Platforms.ActiveCfg = Debug|x86
		{74A56C3D-BB0C-4FC3-BF58-3AE8A8409896}.Debug|Mixed Platforms.Build.0 = Debug|x86
		{74A56C3D-BB0C-4FC3-BF58-3AE8A8409896}.Debug|Win32.ActiveCfg = Debug|x86
		{74A56C3D-BB0C-4FC3-BF58-3AE8A8409896}.Debug|Win32.Build.0 = Debug|x86
		{74A56C3D-BB0C-4FC3-BF58-3AE8A8409896}.Debug|x86.ActiveCfg = Debug|x86
		{74A56C3D-BB0C-4FC3-BF58-3AE8A8409896}.Debug|x86.Build.0 = Debug|x86
		{74A56C3D-BB0C-4FC3-BF58-3AE8A8409896}.Release|Any CPU.ActiveCfg = Release|x86
		{74A56C3D-BB0C-4FC3-BF58-3AE8A8409896}.Release|Mixed Platforms.ActiveCfg = Release|x86
		{74A56C3D-BB0C-4FC3-BF58-3AE8A8409896}.Release|Mixed Platforms.Build.0 = Release|x86
		{74A56C3D-BB0C-4FC3-BF58-3AE8A8409896}.Release|Win32.ActiveCfg = Release|x86
		{74A56C3D-BB0C-4FC3-BF58-3AE8A8409896}.Release|Win32.Build.0 = Release|x86
		{74A56C3D-BB0C-4FC3-BF58-3AE8A8409896}.Release|x86.ActiveCfg = Release|x86
		{74A56C3D-BB0C-4FC3-BF58-3AE8A8409896}.Release|x86.Build.0 = Release|x86
		{815B5837-B1F9-48F0-834C-762DC2A4023C}.BETA_Release|Any CPU.ActiveCfg = BETA_Release|x86
		{815B5837-B1F9-48F0-834C-762DC2A4023C}.BETA_Release|Any CPU.Build.0 = BETA_Release|x86
		{815B5837-B1F9-48F0-834C-762DC2A4023C}.BETA_Release|Mixed Platforms.ActiveCfg = BETA_Release|x86
		{815B5837-B1F9-48F0-834C-762DC2A4023C}.BETA_Release|Mixed Platforms.Build.0 = BETA_Release|x86
		{815B5837-B1F9-48F0-834C-762DC2A4023C}.BETA_Release|Win32.ActiveCfg = BETA_Release|x86
		{815B5837-B1F9-48F0-834C-762DC2A4023C}.BETA_Release|Win32.Build.0 = BETA_Release|x86
		{815B5837-B1F9-48F0-834C-762DC2A4023C}.BETA_Release|x86.ActiveCfg = BETA_Release|x86
		{815B5837-B1F9-48F0-834C-762DC2A4023C}.BETA_Release|x86.Build.0 = BETA_Release|x86
		{815B5837-B1F9-48F0-834C-762DC2A4023C}.Debug|Any CPU.ActiveCfg = Debug|x86
		{815B5837-B1F9-48F0-834C-762DC2A4023C}.Debug|Any CPU.Build.0 = Debug|x86
		{815B5837-B1F9-48F0-834C-762DC2A4023C}.Debug|Mixed Platforms.ActiveCfg = Debug|x86
		{815B5837-B1F9-48F0-834C-762DC2A4023C}.Debug|Mixed Platforms.Build.0 = Debug|x86
		{815B5837-B1F9-48F0-834C-762DC2A4023C}.Debug|Win32.ActiveCfg = Debug|x86
		{815B5837-B1F9-48F0-834C-762DC2A4023C}.Debug|Win32.Build.0 = Debug|x86
		{815B5837-B1F9-48F0-834C-762DC2A4023C}.Debug|x86.ActiveCfg = Debug|x86
		{815B5837-B1F9-48F0-834C-762DC2A4023C}.Debug|x86.Build.0 = Debug|x86
		{815B5837-B1F9-48F0-834C-762DC2A4023C}.Release|Any CPU.ActiveCfg = Release|x86
		{815B5837-B1F9-48F0-834C-762DC2A4023C}.Release|Mixed Platforms.ActiveCfg = Release|x86
		{815B5837-B1F9-48F0-834C-762DC2A4023C}.Release|Mixed Platforms.Build.0 = Release|x86
		{815B5837-B1F9-48F0-834C-762DC2A4023C}.Release|Win32.ActiveCfg = Release|x86
		{815B5837-B1F9-48F0-834C-762DC2A4023C}.Release|Win32.Build.0 = Release|x86
		{815B5837-B1F9-48F0-834C-762DC2A4023C}.Release|x86.ActiveCfg = Release|x86
		{815B5837-B1F9-48F0-834C-762DC2A4023C}.Release|x86.Build.0 = Release|x86
		{D3043012-7E79-40CE-87BF-12E712AB2BAB}.BETA_Release|Any CPU.ActiveCfg = BETA_Release|Win32
		{D3043012-7E79-40CE-87BF-12E712AB2BAB}.BETA_Release|Mixed Platforms.ActiveCfg = BETA_Release|Win32
		{D3043012-7E79-40CE-87BF-12E712AB2BAB}.BETA_Release|Mixed Platforms.Build.0 = BETA_Release|Win32
		{D3043012-7E79-40CE-87BF-12E712AB2BAB}.BETA_Release|Win32.ActiveCfg = BETA_Release|Win32
		{D3043012-7E79-40CE-87BF-12E712AB2BAB}.BETA_Release|Win32.Build.0 = BETA_Release|Win32
		{D3043012-7E79-40CE-87BF-12E712AB2BAB}.BETA_Release|x86.ActiveCfg = BETA_Release|Win32
		{D3043012-7E79-40CE-87BF-12E712AB2BAB}.BETA_Release|x86.Build.0 = BETA_Release|Win32
		{D3043012-7E79-40CE-87BF-12E712AB2BAB}.Debug|Any CPU.ActiveCfg = Debug|Win32
		{D3043012-7E79-40CE-87BF-12E712AB2BAB}.Debug|Any CPU.Build.0 = Debug|Win32
		{D3043012-7E79-40CE-87BF-12E712AB2BAB}.Debug|Mixed Platforms.ActiveCfg = Debug|Win32
		{D3043012-7E79-40CE-87BF-12E712AB2BAB}.Debug|Mixed Platforms.Build.0 = Debug|Win32
		{D3043012-7E79-40CE-87BF-12E712AB2BAB}.Debug|Win32.ActiveCfg = Debug|Win32
		{D3043012-7E79-40CE-87BF-12E712AB2BAB}.Debug|Win32.Build.0 = Debug|Win32
		{D3043012-7E79-40CE-87BF-12E712AB2BAB}.Debug|x86.ActiveCfg = Debug|Win32
		{D3043012-7E79-40CE-87BF-12E712AB2BAB}.Debug|x86.Build.0 = Debug|Win32
		{D3043012-7E79-40CE-87BF-12E712AB2BAB}.Release|Any CPU.ActiveCfg = Release|Win32
		{D3043012-7E79-40CE-87BF-12E712AB2BAB}.Release|Mixed Platforms.ActiveCfg = Release|Win32
		{D3043012-7E79-40CE-87BF-12E712AB2BAB}.Release|Mixed Platforms.Build.0 = Release|Win32
		{D3043012-7E79-40CE-87BF-12E712AB2BAB}.Release|Win32.ActiveCfg = Release|Win32
		{D3043012-7E79-40CE-87BF-12E712AB2BAB}.Release|Win32.Build.0 = Release|Win32
		{D3043012-7E79-40CE-87BF-12E712AB2BAB}.Release|x86.ActiveCfg = Release|Win32
		{D3043012-7E79-40CE-87BF-12E712AB2BAB}.Release|x86.Build.0 = Release|Win32
		{124818C8-9136-4DD7-9AA3-CDC068BC8B56}.BETA_Release|Any CPU.ActiveCfg = BETA_Release|x86
		{124818C8-9136-4DD7-9AA3-CDC068BC8B56}.BETA_Release|Any CPU.Build.0 = BETA_Release|x86
		{124818C8-9136-4DD7-9AA3-CDC068BC8B56}.BETA_Release|Mixed Platforms.ActiveCfg = BETA_Release|x86
		{124818C8-9136-4DD7-9AA3-CDC068BC8B56}.BETA_Release|Mixed Platforms.Build.0 = BETA_Release|x86
		{124818C8-9136-4DD7-9AA3-CDC068BC8B56}.BETA_Release|Win32.ActiveCfg = BETA_Release|x86
		{124818C8-9136-4DD7-9AA3-CDC068BC8B56}.BETA_Release|Win32.Build.0 = BETA_Release|x86
		{124818C8-9136-4DD7-9AA3-CDC068BC8B56}.BETA_Release|x86.ActiveCfg = BETA_Release|x86
		{124818C8-9136-4DD7-9AA3-CDC068BC8B56}.BETA_Release|x86.Build.0 = BETA_Release|x86
		{124818C8-9136-4DD7-9AA3-CDC068BC8B56}.Debug|Any CPU.ActiveCfg = Debug|x86
		{124818C8-9136-4DD7-9AA3-CDC068BC8B56}.Debug|Any CPU.Build.0 = Debug|x86
		{124818C8-9136-4DD7-9AA3-CDC068BC8B56}.Debug|Mixed Platforms.ActiveCfg = Debug|x86
		{124818C8-9136-4DD7-9AA3-CDC068BC8B56}.Debug|Mixed Platforms.Build.0 = Debug|x86
		{124818C8-9136-4DD7-9AA3-CDC068BC8B56}.Debug|Win32.ActiveCfg = Debug|x86
		{124818C8-9136-4DD7-9AA3-CDC068BC8B56}.Debug|Win32.Build.0 = Debug|x86
		{124818C8-9136-4DD7-9AA3-CDC068BC8B56}.Debug|x86.ActiveCfg = Debug|x86
		{124818C8-9136-4DD7-9AA3-CDC068BC8B56}.Debug|x86.Build.0 = Debug|x86
		{124818C8-9136-4DD7-9AA3-CDC068BC8B56}.Release|Any CPU.ActiveCfg = Release|x86
		{124818C8-9136-4DD7-9AA3-CDC068BC8B56}.Release|Mixed Platforms.ActiveCfg = Release|x86
		{124818C8-9136-4DD7-9AA3-CDC068BC8B56}.Release|Mixed Platforms.Build.0 = Release|x86
		{124818C8-9136-4DD7-9AA3-CDC068BC8B56}.Release|Win32.ActiveCfg = Release|x86
		{124818C8-9136-4DD7-9AA3-CDC068BC8B56}.Release|Win32.Build.0 = Release|x86
		{124818C8-9136-4DD7-9AA3-CDC068BC8B56}.Release|x86.ActiveCfg = Release|x86
		{124818C8-9136-4DD7-9AA3-CDC068BC8B56}.Release|x86.Build.0 = Release|x86
		{7BD80B94-ACAA-4B66-9698-9100439B2B79}.BETA_Release|Any CPU.ActiveCfg = BETA_Release|x86
		{7BD80B94-ACAA-4B66-9698-9100439B2B79}.BETA_Release|Any CPU.Build.0 = BETA_Release|x86
		{7BD80B94-ACAA-4B66-9698-9100439B2B79}.BETA_Release|Mixed Platforms.ActiveCfg = BETA_Release|x86
		{7BD80B94-ACAA-4B66-9698-9100439B2B79}.BETA_Release|Mixed Platforms.Build.0 = BETA_Release|x86
		{7BD80B94-ACAA-4B66-9698-9100439B2B79}.BETA_Release|Win32.ActiveCfg = BETA_Release|x86
		{7BD80B94-ACAA-4B66-9698-9100439B2B79}.BETA_Release|Win32.Build.0 = BETA_Release|x86
		{7BD80B94-ACAA-4B66-9698-9100439B2B79}.BETA_Release|x86.ActiveCfg = BETA_Release|x86
		{7BD80B94-ACAA-4B66-9698-9100439B2B79}.BETA_Release|x86.Build.0 = BETA_Release|x86
		{7BD80B94-ACAA-4B66-9698-9100439B2B79}.Debug|Any CPU.ActiveCfg = Debug|x86
		{7BD80B94-ACAA-4B66-9698-9100439B2B79}.Debug|Any CPU.Build.0 = Debug|x86
		{7BD80B94-ACAA-4B66-9698-9100439B2B79}.Debug|Mixed Platforms.ActiveCfg = Debug|x86
		{7BD80B94-ACAA-4B66-9698-9100439B2B79}.Debug|Mixed Platforms.Build.0 = Debug|x86
		{7BD80B94-ACAA-4B66-9698-9100439B2B79}.Debug|Win32.ActiveCfg = Debug|x86
		{7BD80B94-ACAA-4B66-9698-9100439B2B79}.Debug|Win32.Build.0 = Debug|x86
		{7BD80B94-ACAA-4B66-9698-9100439B2B79}.Debug|x86.ActiveCfg = Debug|x86
		{7BD80B94-ACAA-4B66-9698-9100439B2B79}.Debug|x86.Build.0 = Debug|x86
		{7BD80B94-ACAA-4B66-9698-9100439B2B79}.Release|Any CPU.ActiveCfg = Release|x86
		{7BD80B94-ACAA-4B66-9698-9100439B2B79}.Release|Mixed Platforms.ActiveCfg = Release|x86
		{7BD80B94-ACAA-4B66-9698-9100439B2B79}.Release|Mixed Platforms.Build.0 = Release|x86
		{7BD80B94-ACAA-4B66-9698-9100439B2B79}.Release|Win32.ActiveCfg = Release|x86
		{7BD80B94-ACAA-4B66-9698-9100439B2B79}.Release|Win32.Build.0 = Release|x86
		{7BD80B94-ACAA-4B66-9698-9100439B2B79}.Release|x86.ActiveCfg = Release|x86
		{7BD80B94-ACAA-4B66-9698-9100439B2B79}.Release|x86.Build.0 = Release|x86
		{50D748D7-FBF3-4FE1-B53B-71E76BF98642}.BETA_Release|Any CPU.ActiveCfg = BETA_Release|Any CPU
		{50D748D7-FBF3-4FE1-B53B-71E76BF98642}.BETA_Release|Any CPU.Build.0 = BETA_Release|Any CPU
		{50D748D7-FBF3-4FE1-B53B-71E76BF98642}.BETA_Release|Mixed Platforms.ActiveCfg = BETA_Release|Any CPU
		{50D748D7-FBF3-4FE1-B53B-71E76BF98642}.BETA_Release|Mixed Platforms.Build.0 = BETA_Release|Any CPU
		{50D748D7-FBF3-4FE1-B53B-71E76BF98642}.BETA_Release|Win32.ActiveCfg = BETA_Release|Any CPU
		{50D748D7-FBF3-4FE1-B53B-71E76BF98642}.BETA_Release|x86.ActiveCfg = BETA_Release|Any CPU
		{50D748D7-FBF3-4FE1-B53B-71E76BF98642}.Debug|Any CPU.ActiveCfg = Debug|Any CPU
		{50D748D7-FBF3-4FE1-B53B-71E76BF98642}.Debug|Any CPU.Build.0 = Debug|Any CPU
		{50D748D7-FBF3-4FE1-B53B-71E76BF98642}.Debug|Mixed Platforms.ActiveCfg = Debug|Any CPU
		{50D748D7-FBF3-4FE1-B53B-71E76BF98642}.Debug|Mixed Platforms.Build.0 = Debug|Any CPU
		{50D748D7-FBF3-4FE1-B53B-71E76BF98642}.Debug|Win32.ActiveCfg = Debug|Any CPU
		{50D748D7-FBF3-4FE1-B53B-71E76BF98642}.Debug|Win32.Build.0 = Debug|Any CPU
		{50D748D7-FBF3-4FE1-B53B-71E76BF98642}.Debug|x86.ActiveCfg = Debug|Any CPU
		{50D748D7-FBF3-4FE1-B53B-71E76BF98642}.Release|Any CPU.ActiveCfg = Release|Any CPU
		{50D748D7-FBF3-4FE1-B53B-71E76BF98642}.Release|Any CPU.Build.0 = Release|Any CPU
		{50D748D7-FBF3-4FE1-B53B-71E76BF98642}.Release|Mixed Platforms.ActiveCfg = Release|Any CPU
		{50D748D7-FBF3-4FE1-B53B-71E76BF98642}.Release|Mixed Platforms.Build.0 = Release|Any CPU
		{50D748D7-FBF3-4FE1-B53B-71E76BF98642}.Release|Win32.ActiveCfg = Release|Any CPU
		{50D748D7-FBF3-4FE1-B53B-71E76BF98642}.Release|Win32.Build.0 = Release|Any CPU
		{50D748D7-FBF3-4FE1-B53B-71E76BF98642}.Release|x86.ActiveCfg = Release|Any CPU
		{1CE251FA-3A60-4FE9-A5CD-8B7424E0C8CE}.BETA_Release|Any CPU.ActiveCfg = BETA_Release|Win32
		{1CE251FA-3A60-4FE9-A5CD-8B7424E0C8CE}.BETA_Release|Mixed Platforms.ActiveCfg = BETA_Release|Win32
		{1CE251FA-3A60-4FE9-A5CD-8B7424E0C8CE}.BETA_Release|Mixed Platforms.Build.0 = BETA_Release|Win32
		{1CE251FA-3A60-4FE9-A5CD-8B7424E0C8CE}.BETA_Release|Win32.ActiveCfg = BETA_Release|Win32
		{1CE251FA-3A60-4FE9-A5CD-8B7424E0C8CE}.BETA_Release|Win32.Build.0 = BETA_Release|Win32
		{1CE251FA-3A60-4FE9-A5CD-8B7424E0C8CE}.BETA_Release|x86.ActiveCfg = BETA_Release|Win32
		{1CE251FA-3A60-4FE9-A5CD-8B7424E0C8CE}.BETA_Release|x86.Build.0 = BETA_Release|Win32
		{1CE251FA-3A60-4FE9-A5CD-8B7424E0C8CE}.Debug|Any CPU.ActiveCfg = Debug|Win32
		{1CE251FA-3A60-4FE9-A5CD-8B7424E0C8CE}.Debug|Any CPU.Build.0 = Debug|Win32
		{1CE251FA-3A60-4FE9-A5CD-8B7424E0C8CE}.Debug|Mixed Platforms.ActiveCfg = Debug|Win32
		{1CE251FA-3A60-4FE9-A5CD-8B7424E0C8CE}.Debug|Mixed Platforms.Build.0 = Debug|Win32
		{1CE251FA-3A60-4FE9-A5CD-8B7424E0C8CE}.Debug|Win32.ActiveCfg = Debug|Win32
		{1CE251FA-3A60-4FE9-A5CD-8B7424E0C8CE}.Debug|Win32.Build.0 = Debug|Win32
		{1CE251FA-3A60-4FE9-A5CD-8B7424E0C8CE}.Debug|x86.ActiveCfg = Debug|Win32
		{1CE251FA-3A60-4FE9-A5CD-8B7424E0C8CE}.Debug|x86.Build.0 = Debug|Win32
		{1CE251FA-3A60-4FE9-A5CD-8B7424E0C8CE}.Release|Any CPU.ActiveCfg = Release|Win32
		{1CE251FA-3A60-4FE9-A5CD-8B7424E0C8CE}.Release|Mixed Platforms.ActiveCfg = Release|Win32
		{1CE251FA-3A60-4FE9-A5CD-8B7424E0C8CE}.Release|Mixed Platforms.Build.0 = Release|Win32
		{1CE251FA-3A60-4FE9-A5CD-8B7424E0C8CE}.Release|Win32.ActiveCfg = Release|Win32
		{1CE251FA-3A60-4FE9-A5CD-8B7424E0C8CE}.Release|Win32.Build.0 = Release|Win32
		{1CE251FA-3A60-4FE9-A5CD-8B7424E0C8CE}.Release|x86.ActiveCfg = Release|Win32
		{1CE251FA-3A60-4FE9-A5CD-8B7424E0C8CE}.Release|x86.Build.0 = Release|Win32
		{DED7FE44-9D88-4CD6-A749-FF7D382ACD54}.BETA_Release|Any CPU.ActiveCfg = BETA_Release|Any CPU
		{DED7FE44-9D88-4CD6-A749-FF7D382ACD54}.BETA_Release|Any CPU.Build.0 = BETA_Release|Any CPU
		{DED7FE44-9D88-4CD6-A749-FF7D382ACD54}.BETA_Release|Mixed Platforms.ActiveCfg = BETA_Release|x86
		{DED7FE44-9D88-4CD6-A749-FF7D382ACD54}.BETA_Release|Mixed Platforms.Build.0 = BETA_Release|x86
		{DED7FE44-9D88-4CD6-A749-FF7D382ACD54}.BETA_Release|Win32.ActiveCfg = BETA_Release|x86
		{DED7FE44-9D88-4CD6-A749-FF7D382ACD54}.BETA_Release|Win32.Build.0 = BETA_Release|x86
		{DED7FE44-9D88-4CD6-A749-FF7D382ACD54}.BETA_Release|x86.ActiveCfg = BETA_Release|x86
		{DED7FE44-9D88-4CD6-A749-FF7D382ACD54}.BETA_Release|x86.Build.0 = BETA_Release|x86
		{DED7FE44-9D88-4CD6-A749-FF7D382ACD54}.Debug|Any CPU.ActiveCfg = Debug|Any CPU
		{DED7FE44-9D88-4CD6-A749-FF7D382ACD54}.Debug|Any CPU.Build.0 = Debug|Any CPU
		{DED7FE44-9D88-4CD6-A749-FF7D382ACD54}.Debug|Mixed Platforms.ActiveCfg = Debug|x86
		{DED7FE44-9D88-4CD6-A749-FF7D382ACD54}.Debug|Mixed Platforms.Build.0 = Debug|x86
		{DED7FE44-9D88-4CD6-A749-FF7D382ACD54}.Debug|Win32.ActiveCfg = Debug|x86
		{DED7FE44-9D88-4CD6-A749-FF7D382ACD54}.Debug|Win32.Build.0 = Debug|x86
		{DED7FE44-9D88-4CD6-A749-FF7D382ACD54}.Debug|x86.ActiveCfg = Debug|x86
		{DED7FE44-9D88-4CD6-A749-FF7D382ACD54}.Debug|x86.Build.0 = Debug|x86
		{DED7FE44-9D88-4CD6-A749-FF7D382ACD54}.Release|Any CPU.ActiveCfg = Release|Any CPU
		{DED7FE44-9D88-4CD6-A749-FF7D382ACD54}.Release|Any CPU.Build.0 = Release|Any CPU
		{DED7FE44-9D88-4CD6-A749-FF7D382ACD54}.Release|Mixed Platforms.ActiveCfg = Release|x86
		{DED7FE44-9D88-4CD6-A749-FF7D382ACD54}.Release|Mixed Platforms.Build.0 = Release|x86
		{DED7FE44-9D88-4CD6-A749-FF7D382ACD54}.Release|Win32.ActiveCfg = Release|x86
		{DED7FE44-9D88-4CD6-A749-FF7D382ACD54}.Release|Win32.Build.0 = Release|x86
		{DED7FE44-9D88-4CD6-A749-FF7D382ACD54}.Release|x86.ActiveCfg = Release|x86
		{DED7FE44-9D88-4CD6-A749-FF7D382ACD54}.Release|x86.Build.0 = Release|x86
		{EE5FF911-1F3C-41A9-A085-C58A7F7A5C43}.BETA_Release|Any CPU.ActiveCfg = BETA_Release|Win32
		{EE5FF911-1F3C-41A9-A085-C58A7F7A5C43}.BETA_Release|Mixed Platforms.ActiveCfg = BETA_Release|Win32
		{EE5FF911-1F3C-41A9-A085-C58A7F7A5C43}.BETA_Release|Mixed Platforms.Build.0 = BETA_Release|Win32
		{EE5FF911-1F3C-41A9-A085-C58A7F7A5C43}.BETA_Release|Win32.ActiveCfg = BETA_Release|Win32
		{EE5FF911-1F3C-41A9-A085-C58A7F7A5C43}.BETA_Release|Win32.Build.0 = BETA_Release|Win32
		{EE5FF911-1F3C-41A9-A085-C58A7F7A5C43}.BETA_Release|x86.ActiveCfg = BETA_Release|Win32
		{EE5FF911-1F3C-41A9-A085-C58A7F7A5C43}.BETA_Release|x86.Build.0 = BETA_Release|Win32
		{EE5FF911-1F3C-41A9-A085-C58A7F7A5C43}.Debug|Any CPU.ActiveCfg = Debug|Win32
		{EE5FF911-1F3C-41A9-A085-C58A7F7A5C43}.Debug|Any CPU.Build.0 = Debug|Win32
		{EE5FF911-1F3C-41A9-A085-C58A7F7A5C43}.Debug|Mixed Platforms.ActiveCfg = Debug|Win32
		{EE5FF911-1F3C-41A9-A085-C58A7F7A5C43}.Debug|Mixed Platforms.Build.0 = Debug|Win32
		{EE5FF911-1F3C-41A9-A085-C58A7F7A5C43}.Debug|Win32.ActiveCfg = Debug|Win32
		{EE5FF911-1F3C-41A9-A085-C58A7F7A5C43}.Debug|Win32.Build.0 = Debug|Win32
		{EE5FF911-1F3C-41A9-A085-C58A7F7A5C43}.Debug|x86.ActiveCfg = Debug|Win32
		{EE5FF911-1F3C-41A9-A085-C58A7F7A5C43}.Debug|x86.Build.0 = Debug|Win32
		{EE5FF911-1F3C-41A9-A085-C58A7F7A5C43}.Release|Any CPU.ActiveCfg = Release|Win32
		{EE5FF911-1F3C-41A9-A085-C58A7F7A5C43}.Release|Mixed Platforms.ActiveCfg = Release|Win32
		{EE5FF911-1F3C-41A9-A085-C58A7F7A5C43}.Release|Mixed Platforms.Build.0 = Release|Win32
		{EE5FF911-1F3C-41A9-A085-C58A7F7A5C43}.Release|Win32.ActiveCfg = Release|Win32
		{EE5FF911-1F3C-41A9-A085-C58A7F7A5C43}.Release|Win32.Build.0 = Release|Win32
		{EE5FF911-1F3C-41A9-A085-C58A7F7A5C43}.Release|x86.ActiveCfg = Release|Win32
		{EE5FF911-1F3C-41A9-A085-C58A7F7A5C43}.Release|x86.Build.0 = Release|Win32
		{DA77CE2B-0A9D-4A9C-8035-A15C6416B355}.BETA_Release|Any CPU.ActiveCfg = BETA_Release|x86
		{DA77CE2B-0A9D-4A9C-8035-A15C6416B355}.BETA_Release|Any CPU.Build.0 = BETA_Release|x86
		{DA77CE2B-0A9D-4A9C-8035-A15C6416B355}.BETA_Release|Mixed Platforms.ActiveCfg = BETA_Release|x86
		{DA77CE2B-0A9D-4A9C-8035-A15C6416B355}.BETA_Release|Mixed Platforms.Build.0 = BETA_Release|x86
		{DA77CE2B-0A9D-4A9C-8035-A15C6416B355}.BETA_Release|Win32.ActiveCfg = BETA_Release|x86
		{DA77CE2B-0A9D-4A9C-8035-A15C6416B355}.BETA_Release|Win32.Build.0 = BETA_Release|x86
		{DA77CE2B-0A9D-4A9C-8035-A15C6416B355}.BETA_Release|x86.ActiveCfg = BETA_Release|x86
		{DA77CE2B-0A9D-4A9C-8035-A15C6416B355}.BETA_Release|x86.Build.0 = BETA_Release|x86
		{DA77CE2B-0A9D-4A9C-8035-A15C6416B355}.Debug|Any CPU.ActiveCfg = Debug|x86
		{DA77CE2B-0A9D-4A9C-8035-A15C6416B355}.Debug|Any CPU.Build.0 = Debug|x86
		{DA77CE2B-0A9D-4A9C-8035-A15C6416B355}.Debug|Mixed Platforms.ActiveCfg = Debug|x86
		{DA77CE2B-0A9D-4A9C-8035-A15C6416B355}.Debug|Mixed Platforms.Build.0 = Debug|x86
		{DA77CE2B-0A9D-4A9C-8035-A15C6416B355}.Debug|Win32.ActiveCfg = Debug|x86
		{DA77CE2B-0A9D-4A9C-8035-A15C6416B355}.Debug|Win32.Build.0 = Debug|x86
		{DA77CE2B-0A9D-4A9C-8035-A15C6416B355}.Debug|x86.ActiveCfg = Debug|x86
		{DA77CE2B-0A9D-4A9C-8035-A15C6416B355}.Debug|x86.Build.0 = Debug|x86
		{DA77CE2B-0A9D-4A9C-8035-A15C6416B355}.Release|Any CPU.ActiveCfg = Release|x86
		{DA77CE2B-0A9D-4A9C-8035-A15C6416B355}.Release|Mixed Platforms.ActiveCfg = Release|x86
		{DA77CE2B-0A9D-4A9C-8035-A15C6416B355}.Release|Mixed Platforms.Build.0 = Release|x86
		{DA77CE2B-0A9D-4A9C-8035-A15C6416B355}.Release|Win32.ActiveCfg = Release|x86
		{DA77CE2B-0A9D-4A9C-8035-A15C6416B355}.Release|Win32.Build.0 = Release|x86
		{DA77CE2B-0A9D-4A9C-8035-A15C6416B355}.Release|x86.ActiveCfg = Release|x86
		{DA77CE2B-0A9D-4A9C-8035-A15C6416B355}.Release|x86.Build.0 = Release|x86
		{C259C062-E8E1-464D-8982-CE00EB176814}.BETA_Release|Any CPU.ActiveCfg = BETA_Release|x86
		{C259C062-E8E1-464D-8982-CE00EB176814}.BETA_Release|Any CPU.Build.0 = BETA_Release|x86
		{C259C062-E8E1-464D-8982-CE00EB176814}.BETA_Release|Mixed Platforms.ActiveCfg = BETA_Release|x86
		{C259C062-E8E1-464D-8982-CE00EB176814}.BETA_Release|Mixed Platforms.Build.0 = BETA_Release|x86
		{C259C062-E8E1-464D-8982-CE00EB176814}.BETA_Release|Win32.ActiveCfg = BETA_Release|x86
		{C259C062-E8E1-464D-8982-CE00EB176814}.BETA_Release|Win32.Build.0 = BETA_Release|x86
		{C259C062-E8E1-464D-8982-CE00EB176814}.BETA_Release|x86.ActiveCfg = BETA_Release|x86
		{C259C062-E8E1-464D-8982-CE00EB176814}.BETA_Release|x86.Build.0 = BETA_Release|x86
		{C259C062-E8E1-464D-8982-CE00EB176814}.Debug|Any CPU.ActiveCfg = Debug|x86
		{C259C062-E8E1-464D-8982-CE00EB176814}.Debug|Any CPU.Build.0 = Debug|x86
		{C259C062-E8E1-464D-8982-CE00EB176814}.Debug|Mixed Platforms.ActiveCfg = Debug|x86
		{C259C062-E8E1-464D-8982-CE00EB176814}.Debug|Mixed Platforms.Build.0 = Debug|x86
		{C259C062-E8E1-464D-8982-CE00EB176814}.Debug|Win32.ActiveCfg = Debug|x86
		{C259C062-E8E1-464D-8982-CE00EB176814}.Debug|Win32.Build.0 = Debug|x86
		{C259C062-E8E1-464D-8982-CE00EB176814}.Debug|x86.ActiveCfg = Debug|x86
		{C259C062-E8E1-464D-8982-CE00EB176814}.Debug|x86.Build.0 = Debug|x86
		{C259C062-E8E1-464D-8982-CE00EB176814}.Release|Any CPU.ActiveCfg = Release|x86
		{C259C062-E8E1-464D-8982-CE00EB176814}.Release|Mixed Platforms.ActiveCfg = Release|x86
		{C259C062-E8E1-464D-8982-CE00EB176814}.Release|Mixed Platforms.Build.0 = Release|x86
		{C259C062-E8E1-464D-8982-CE00EB176814}.Release|Win32.ActiveCfg = Release|x86
		{C259C062-E8E1-464D-8982-CE00EB176814}.Release|Win32.Build.0 = Release|x86
		{C259C062-E8E1-464D-8982-CE00EB176814}.Release|x86.ActiveCfg = Release|x86
		{C259C062-E8E1-464D-8982-CE00EB176814}.Release|x86.Build.0 = Release|x86
		{44584B72-8B00-4603-AD0D-A7F88CA0A537}.BETA_Release|Any CPU.ActiveCfg = BETA_Release|x86
		{44584B72-8B00-4603-AD0D-A7F88CA0A537}.BETA_Release|Any CPU.Build.0 = BETA_Release|x86
		{44584B72-8B00-4603-AD0D-A7F88CA0A537}.BETA_Release|Mixed Platforms.ActiveCfg = BETA_Release|x86
		{44584B72-8B00-4603-AD0D-A7F88CA0A537}.BETA_Release|Mixed Platforms.Build.0 = BETA_Release|x86
		{44584B72-8B00-4603-AD0D-A7F88CA0A537}.BETA_Release|Win32.ActiveCfg = BETA_Release|x86
		{44584B72-8B00-4603-AD0D-A7F88CA0A537}.BETA_Release|Win32.Build.0 = BETA_Release|x86
		{44584B72-8B00-4603-AD0D-A7F88CA0A537}.BETA_Release|x86.ActiveCfg = BETA_Release|x86
		{44584B72-8B00-4603-AD0D-A7F88CA0A537}.BETA_Release|x86.Build.0 = BETA_Release|x86
		{44584B72-8B00-4603-AD0D-A7F88CA0A537}.Debug|Any CPU.ActiveCfg = Debug|x86
		{44584B72-8B00-4603-AD0D-A7F88CA0A537}.Debug|Any CPU.Build.0 = Debug|x86
		{44584B72-8B00-4603-AD0D-A7F88CA0A537}.Debug|Mixed Platforms.ActiveCfg = Debug|x86
		{44584B72-8B00-4603-AD0D-A7F88CA0A537}.Debug|Mixed Platforms.Build.0 = Debug|x86
		{44584B72-8B00-4603-AD0D-A7F88CA0A537}.Debug|Win32.ActiveCfg = Debug|x86
		{44584B72-8B00-4603-AD0D-A7F88CA0A537}.Debug|Win32.Build.0 = Debug|x86
		{44584B72-8B00-4603-AD0D-A7F88CA0A537}.Debug|x86.ActiveCfg = Debug|x86
		{44584B72-8B00-4603-AD0D-A7F88CA0A537}.Debug|x86.Build.0 = Debug|x86
		{44584B72-8B00-4603-AD0D-A7F88CA0A537}.Release|Any CPU.ActiveCfg = Release|x86
		{44584B72-8B00-4603-AD0D-A7F88CA0A537}.Release|Mixed Platforms.ActiveCfg = Release|x86
		{44584B72-8B00-4603-AD0D-A7F88CA0A537}.Release|Mixed Platforms.Build.0 = Release|x86
		{44584B72-8B00-4603-AD0D-A7F88CA0A537}.Release|Win32.ActiveCfg = Release|x86
		{44584B72-8B00-4603-AD0D-A7F88CA0A537}.Release|Win32.Build.0 = Release|x86
		{44584B72-8B00-4603-AD0D-A7F88CA0A537}.Release|x86.ActiveCfg = Release|x86
		{44584B72-8B00-4603-AD0D-A7F88CA0A537}.Release|x86.Build.0 = Release|x86
		{3249CBA7-E602-400C-8CBF-F0C1CC49F266}.BETA_Release|Any CPU.ActiveCfg = BETA_Release|x86
		{3249CBA7-E602-400C-8CBF-F0C1CC49F266}.BETA_Release|Any CPU.Build.0 = BETA_Release|x86
		{3249CBA7-E602-400C-8CBF-F0C1CC49F266}.BETA_Release|Mixed Platforms.ActiveCfg = BETA_Release|x86
		{3249CBA7-E602-400C-8CBF-F0C1CC49F266}.BETA_Release|Mixed Platforms.Build.0 = BETA_Release|x86
		{3249CBA7-E602-400C-8CBF-F0C1CC49F266}.BETA_Release|Win32.ActiveCfg = BETA_Release|x86
		{3249CBA7-E602-400C-8CBF-F0C1CC49F266}.BETA_Release|Win32.Build.0 = BETA_Release|x86
		{3249CBA7-E602-400C-8CBF-F0C1CC49F266}.BETA_Release|x86.ActiveCfg = BETA_Release|x86
		{3249CBA7-E602-400C-8CBF-F0C1CC49F266}.BETA_Release|x86.Build.0 = BETA_Release|x86
		{3249CBA7-E602-400C-8CBF-F0C1CC49F266}.Debug|Any CPU.ActiveCfg = Debug|x86
		{3249CBA7-E602-400C-8CBF-F0C1CC49F266}.Debug|Any CPU.Build.0 = Debug|x86
		{3249CBA7-E602-400C-8CBF-F0C1CC49F266}.Debug|Mixed Platforms.ActiveCfg = Debug|x86
		{3249CBA7-E602-400C-8CBF-F0C1CC49F266}.Debug|Mixed Platforms.Build.0 = Debug|x86
		{3249CBA7-E602-400C-8CBF-F0C1CC49F266}.Debug|Win32.ActiveCfg = Debug|x86
		{3249CBA7-E602-400C-8CBF-F0C1CC49F266}.Debug|Win32.Build.0 = Debug|x86
		{3249CBA7-E602-400C-8CBF-F0C1CC49F266}.Debug|x86.ActiveCfg = Debug|x86
		{3249CBA7-E602-400C-8CBF-F0C1CC49F266}.Debug|x86.Build.0 = Debug|x86
		{3249CBA7-E602-400C-8CBF-F0C1CC49F266}.Release|Any CPU.ActiveCfg = Release|x86
		{3249CBA7-E602-400C-8CBF-F0C1CC49F266}.Release|Mixed Platforms.ActiveCfg = Release|x86
		{3249CBA7-E602-400C-8CBF-F0C1CC49F266}.Release|Mixed Platforms.Build.0 = Release|x86
		{3249CBA7-E602-400C-8CBF-F0C1CC49F266}.Release|Win32.ActiveCfg = Release|x86
		{3249CBA7-E602-400C-8CBF-F0C1CC49F266}.Release|Win32.Build.0 = Release|x86
		{3249CBA7-E602-400C-8CBF-F0C1CC49F266}.Release|x86.ActiveCfg = Release|x86
		{3249CBA7-E602-400C-8CBF-F0C1CC49F266}.Release|x86.Build.0 = Release|x86
		{B4CAF2DA-4872-4CCE-ABA3-81D5EE80F178}.BETA_Release|Any CPU.ActiveCfg = BETA_Release|x86
		{B4CAF2DA-4872-4CCE-ABA3-81D5EE80F178}.BETA_Release|Any CPU.Build.0 = BETA_Release|x86
		{B4CAF2DA-4872-4CCE-ABA3-81D5EE80F178}.BETA_Release|Mixed Platforms.ActiveCfg = BETA_Release|x86
		{B4CAF2DA-4872-4CCE-ABA3-81D5EE80F178}.BETA_Release|Mixed Platforms.Build.0 = BETA_Release|x86
		{B4CAF2DA-4872-4CCE-ABA3-81D5EE80F178}.BETA_Release|Win32.ActiveCfg = BETA_Release|x86
		{B4CAF2DA-4872-4CCE-ABA3-81D5EE80F178}.BETA_Release|Win32.Build.0 = BETA_Release|x86
		{B4CAF2DA-4872-4CCE-ABA3-81D5EE80F178}.BETA_Release|x86.ActiveCfg = BETA_Release|x86
		{B4CAF2DA-4872-4CCE-ABA3-81D5EE80F178}.BETA_Release|x86.Build.0 = BETA_Release|x86
		{B4CAF2DA-4872-4CCE-ABA3-81D5EE80F178}.Debug|Any CPU.ActiveCfg = Debug|x86
		{B4CAF2DA-4872-4CCE-ABA3-81D5EE80F178}.Debug|Any CPU.Build.0 = Debug|x86
		{B4CAF2DA-4872-4CCE-ABA3-81D5EE80F178}.Debug|Mixed Platforms.ActiveCfg = Debug|x86
		{B4CAF2DA-4872-4CCE-ABA3-81D5EE80F178}.Debug|Mixed Platforms.Build.0 = Debug|x86
		{B4CAF2DA-4872-4CCE-ABA3-81D5EE80F178}.Debug|Win32.ActiveCfg = Debug|x86
		{B4CAF2DA-4872-4CCE-ABA3-81D5EE80F178}.Debug|Win32.Build.0 = Debug|x86
		{B4CAF2DA-4872-4CCE-ABA3-81D5EE80F178}.Debug|x86.ActiveCfg = Debug|x86
		{B4CAF2DA-4872-4CCE-ABA3-81D5EE80F178}.Debug|x86.Build.0 = Debug|x86
		{B4CAF2DA-4872-4CCE-ABA3-81D5EE80F178}.Release|Any CPU.ActiveCfg = Release|x86
		{B4CAF2DA-4872-4CCE-ABA3-81D5EE80F178}.Release|Mixed Platforms.ActiveCfg = Release|x86
		{B4CAF2DA-4872-4CCE-ABA3-81D5EE80F178}.Release|Mixed Platforms.Build.0 = Release|x86
		{B4CAF2DA-4872-4CCE-ABA3-81D5EE80F178}.Release|Win32.ActiveCfg = Release|x86
		{B4CAF2DA-4872-4CCE-ABA3-81D5EE80F178}.Release|Win32.Build.0 = Release|x86
		{B4CAF2DA-4872-4CCE-ABA3-81D5EE80F178}.Release|x86.ActiveCfg = Release|x86
		{B4CAF2DA-4872-4CCE-ABA3-81D5EE80F178}.Release|x86.Build.0 = Release|x86
		{B82974A5-6898-4527-B483-60D6703833FF}.BETA_Release|Any CPU.ActiveCfg = BETA_Release|x86
		{B82974A5-6898-4527-B483-60D6703833FF}.BETA_Release|Any CPU.Build.0 = BETA_Release|x86
		{B82974A5-6898-4527-B483-60D6703833FF}.BETA_Release|Mixed Platforms.ActiveCfg = BETA_Release|x86
		{B82974A5-6898-4527-B483-60D6703833FF}.BETA_Release|Mixed Platforms.Build.0 = BETA_Release|x86
		{B82974A5-6898-4527-B483-60D6703833FF}.BETA_Release|Win32.ActiveCfg = BETA_Release|x86
		{B82974A5-6898-4527-B483-60D6703833FF}.BETA_Release|Win32.Build.0 = BETA_Release|x86
		{B82974A5-6898-4527-B483-60D6703833FF}.BETA_Release|x86.ActiveCfg = BETA_Release|x86
		{B82974A5-6898-4527-B483-60D6703833FF}.BETA_Release|x86.Build.0 = BETA_Release|x86
		{B82974A5-6898-4527-B483-60D6703833FF}.Debug|Any CPU.ActiveCfg = Debug|x86
		{B82974A5-6898-4527-B483-60D6703833FF}.Debug|Any CPU.Build.0 = Debug|x86
		{B82974A5-6898-4527-B483-60D6703833FF}.Debug|Mixed Platforms.ActiveCfg = Debug|x86
		{B82974A5-6898-4527-B483-60D6703833FF}.Debug|Mixed Platforms.Build.0 = Debug|x86
		{B82974A5-6898-4527-B483-60D6703833FF}.Debug|Win32.ActiveCfg = Debug|x86
		{B82974A5-6898-4527-B483-60D6703833FF}.Debug|Win32.Build.0 = Debug|x86
		{B82974A5-6898-4527-B483-60D6703833FF}.Debug|x86.ActiveCfg = Debug|x86
		{B82974A5-6898-4527-B483-60D6703833FF}.Debug|x86.Build.0 = Debug|x86
		{B82974A5-6898-4527-B483-60D6703833FF}.Release|Any CPU.ActiveCfg = Release|x86
		{B82974A5-6898-4527-B483-60D6703833FF}.Release|Mixed Platforms.ActiveCfg = Release|x86
		{B82974A5-6898-4527-B483-60D6703833FF}.Release|Mixed Platforms.Build.0 = Release|x86
		{B82974A5-6898-4527-B483-60D6703833FF}.Release|Win32.ActiveCfg = Release|x86
		{B82974A5-6898-4527-B483-60D6703833FF}.Release|Win32.Build.0 = Release|x86
		{B82974A5-6898-4527-B483-60D6703833FF}.Release|x86.ActiveCfg = Release|x86
		{B82974A5-6898-4527-B483-60D6703833FF}.Release|x86.Build.0 = Release|x86
		{7725A37A-915C-438B-A70D-35687B19A273}.BETA_Release|Any CPU.ActiveCfg = BETA_Release|x86
		{7725A37A-915C-438B-A70D-35687B19A273}.BETA_Release|Any CPU.Build.0 = BETA_Release|x86
		{7725A37A-915C-438B-A70D-35687B19A273}.BETA_Release|Mixed Platforms.ActiveCfg = BETA_Release|x86
		{7725A37A-915C-438B-A70D-35687B19A273}.BETA_Release|Mixed Platforms.Build.0 = BETA_Release|x86
		{7725A37A-915C-438B-A70D-35687B19A273}.BETA_Release|Win32.ActiveCfg = BETA_Release|x86
		{7725A37A-915C-438B-A70D-35687B19A273}.BETA_Release|Win32.Build.0 = BETA_Release|x86
		{7725A37A-915C-438B-A70D-35687B19A273}.BETA_Release|x86.ActiveCfg = BETA_Release|x86
		{7725A37A-915C-438B-A70D-35687B19A273}.BETA_Release|x86.Build.0 = BETA_Release|x86
		{7725A37A-915C-438B-A70D-35687B19A273}.Debug|Any CPU.ActiveCfg = Debug|x86
		{7725A37A-915C-438B-A70D-35687B19A273}.Debug|Any CPU.Build.0 = Debug|x86
		{7725A37A-915C-438B-A70D-35687B19A273}.Debug|Mixed Platforms.ActiveCfg = Debug|x86
		{7725A37A-915C-438B-A70D-35687B19A273}.Debug|Mixed Platforms.Build.0 = Debug|x86
		{7725A37A-915C-438B-A70D-35687B19A273}.Debug|Win32.ActiveCfg = Debug|x86
		{7725A37A-915C-438B-A70D-35687B19A273}.Debug|Win32.Build.0 = Debug|x86
		{7725A37A-915C-438B-A70D-35687B19A273}.Debug|x86.ActiveCfg = Debug|x86
		{7725A37A-915C-438B-A70D-35687B19A273}.Debug|x86.Build.0 = Debug|x86
		{7725A37A-915C-438B-A70D-35687B19A273}.Release|Any CPU.ActiveCfg = Release|x86
		{7725A37A-915C-438B-A70D-35687B19A273}.Release|Mixed Platforms.ActiveCfg = Release|x86
		{7725A37A-915C-438B-A70D-35687B19A273}.Release|Mixed Platforms.Build.0 = Release|x86
		{7725A37A-915C-438B-A70D-35687B19A273}.Release|Win32.ActiveCfg = Release|x86
		{7725A37A-915C-438B-A70D-35687B19A273}.Release|Win32.Build.0 = Release|x86
		{7725A37A-915C-438B-A70D-35687B19A273}.Release|x86.ActiveCfg = Release|x86
		{7725A37A-915C-438B-A70D-35687B19A273}.Release|x86.Build.0 = Release|x86
		{66BDF81F-3B21-4611-8E0A-7C58528224DC}.BETA_Release|Any CPU.ActiveCfg = BETA_Release|Win32
		{66BDF81F-3B21-4611-8E0A-7C58528224DC}.BETA_Release|Mixed Platforms.ActiveCfg = BETA_Release|Win32
		{66BDF81F-3B21-4611-8E0A-7C58528224DC}.BETA_Release|Mixed Platforms.Build.0 = BETA_Release|Win32
		{66BDF81F-3B21-4611-8E0A-7C58528224DC}.BETA_Release|Win32.ActiveCfg = BETA_Release|Win32
		{66BDF81F-3B21-4611-8E0A-7C58528224DC}.BETA_Release|Win32.Build.0 = BETA_Release|Win32
		{66BDF81F-3B21-4611-8E0A-7C58528224DC}.BETA_Release|x86.ActiveCfg = BETA_Release|Win32
		{66BDF81F-3B21-4611-8E0A-7C58528224DC}.BETA_Release|x86.Build.0 = BETA_Release|Win32
		{66BDF81F-3B21-4611-8E0A-7C58528224DC}.Debug|Any CPU.ActiveCfg = Debug|Win32
		{66BDF81F-3B21-4611-8E0A-7C58528224DC}.Debug|Any CPU.Build.0 = Debug|Win32
		{66BDF81F-3B21-4611-8E0A-7C58528224DC}.Debug|Mixed Platforms.ActiveCfg = Debug|Win32
		{66BDF81F-3B21-4611-8E0A-7C58528224DC}.Debug|Mixed Platforms.Build.0 = Debug|Win32
		{66BDF81F-3B21-4611-8E0A-7C58528224DC}.Debug|Win32.ActiveCfg = Debug|Win32
		{66BDF81F-3B21-4611-8E0A-7C58528224DC}.Debug|Win32.Build.0 = Debug|Win32
		{66BDF81F-3B21-4611-8E0A-7C58528224DC}.Debug|x86.ActiveCfg = Debug|Win32
		{66BDF81F-3B21-4611-8E0A-7C58528224DC}.Debug|x86.Build.0 = Debug|Win32
		{66BDF81F-3B21-4611-8E0A-7C58528224DC}.Release|Any CPU.ActiveCfg = Release|Win32
		{66BDF81F-3B21-4611-8E0A-7C58528224DC}.Release|Mixed Platforms.ActiveCfg = Release|Win32
		{66BDF81F-3B21-4611-8E0A-7C58528224DC}.Release|Mixed Platforms.Build.0 = Release|Win32
		{66BDF81F-3B21-4611-8E0A-7C58528224DC}.Release|Win32.ActiveCfg = Release|Win32
		{66BDF81F-3B21-4611-8E0A-7C58528224DC}.Release|Win32.Build.0 = Release|Win32
		{66BDF81F-3B21-4611-8E0A-7C58528224DC}.Release|x86.ActiveCfg = Release|Win32
		{66BDF81F-3B21-4611-8E0A-7C58528224DC}.Release|x86.Build.0 = Release|Win32
		{57952184-6159-1272-7751-772739552555}.BETA_Release|Any CPU.ActiveCfg = BETA_Release|Win32
		{57952184-6159-1272-7751-772739552555}.BETA_Release|Mixed Platforms.ActiveCfg = BETA_Release|Win32
		{57952184-6159-1272-7751-772739552555}.BETA_Release|Mixed Platforms.Build.0 = BETA_Release|Win32
		{57952184-6159-1272-7751-772739552555}.BETA_Release|Win32.ActiveCfg = BETA_Release|Win32
		{57952184-6159-1272-7751-772739552555}.BETA_Release|Win32.Build.0 = BETA_Release|Win32
		{57952184-6159-1272-7751-772739552555}.BETA_Release|x86.ActiveCfg = BETA_Release|Win32
		{57952184-6159-1272-7751-772739552555}.BETA_Release|x86.Build.0 = BETA_Release|Win32
		{57952184-6159-1272-7751-772739552555}.Debug|Any CPU.ActiveCfg = Debug|Win32
		{57952184-6159-1272-7751-772739552555}.Debug|Any CPU.Build.0 = Debug|Win32
		{57952184-6159-1272-7751-772739552555}.Debug|Mixed Platforms.ActiveCfg = Debug|Win32
		{57952184-6159-1272-7751-772739552555}.Debug|Mixed Platforms.Build.0 = Debug|Win32
		{57952184-6159-1272-7751-772739552555}.Debug|Win32.ActiveCfg = Debug|Win32
		{57952184-6159-1272-7751-772739552555}.Debug|Win32.Build.0 = Debug|Win32
		{57952184-6159-1272-7751-772739552555}.Debug|x86.ActiveCfg = Debug|Win32
		{57952184-6159-1272-7751-772739552555}.Debug|x86.Build.0 = Debug|Win32
		{57952184-6159-1272-7751-772739552555}.Release|Any CPU.ActiveCfg = Release|Win32
		{57952184-6159-1272-7751-772739552555}.Release|Mixed Platforms.ActiveCfg = Release|Win32
		{57952184-6159-1272-7751-772739552555}.Release|Mixed Platforms.Build.0 = Release|Win32
		{57952184-6159-1272-7751-772739552555}.Release|Win32.ActiveCfg = Release|Win32
		{57952184-6159-1272-7751-772739552555}.Release|Win32.Build.0 = Release|Win32
		{57952184-6159-1272-7751-772739552555}.Release|x86.ActiveCfg = Release|Win32
		{57952184-6159-1272-7751-772739552555}.Release|x86.Build.0 = Release|Win32
		{2235C3B7-A0EF-4F09-BD76-14D2AE7EBA12}.BETA_Release|Any CPU.ActiveCfg = BETA_Release|x86
		{2235C3B7-A0EF-4F09-BD76-14D2AE7EBA12}.BETA_Release|Any CPU.Build.0 = BETA_Release|x86
		{2235C3B7-A0EF-4F09-BD76-14D2AE7EBA12}.BETA_Release|Mixed Platforms.ActiveCfg = BETA_Release|x86
		{2235C3B7-A0EF-4F09-BD76-14D2AE7EBA12}.BETA_Release|Mixed Platforms.Build.0 = BETA_Release|x86
		{2235C3B7-A0EF-4F09-BD76-14D2AE7EBA12}.BETA_Release|Win32.ActiveCfg = BETA_Release|x86
		{2235C3B7-A0EF-4F09-BD76-14D2AE7EBA12}.BETA_Release|Win32.Build.0 = BETA_Release|x86
		{2235C3B7-A0EF-4F09-BD76-14D2AE7EBA12}.BETA_Release|x86.ActiveCfg = BETA_Release|x86
		{2235C3B7-A0EF-4F09-BD76-14D2AE7EBA12}.BETA_Release|x86.Build.0 = BETA_Release|x86
		{2235C3B7-A0EF-4F09-BD76-14D2AE7EBA12}.Debug|Any CPU.ActiveCfg = Debug|x86
		{2235C3B7-A0EF-4F09-BD76-14D2AE7EBA12}.Debug|Any CPU.Build.0 = Debug|x86
		{2235C3B7-A0EF-4F09-BD76-14D2AE7EBA12}.Debug|Mixed Platforms.ActiveCfg = Debug|x86
		{2235C3B7-A0EF-4F09-BD76-14D2AE7EBA12}.Debug|Mixed Platforms.Build.0 = Debug|x86
		{2235C3B7-A0EF-4F09-BD76-14D2AE7EBA12}.Debug|Win32.ActiveCfg = Debug|x86
		{2235C3B7-A0EF-4F09-BD76-14D2AE7EBA12}.Debug|Win32.Build.0 = Debug|x86
		{2235C3B7-A0EF-4F09-BD76-14D2AE7EBA12}.Debug|x86.ActiveCfg = Debug|x86
		{2235C3B7-A0EF-4F09-BD76-14D2AE7EBA12}.Debug|x86.Build.0 = Debug|x86
		{2235C3B7-A0EF-4F09-BD76-14D2AE7EBA12}.Release|Any CPU.ActiveCfg = Release|x86
		{2235C3B7-A0EF-4F09-BD76-14D2AE7EBA12}.Release|Mixed Platforms.ActiveCfg = Release|x86
		{2235C3B7-A0EF-4F09-BD76-14D2AE7EBA12}.Release|Mixed Platforms.Build.0 = Release|x86
		{2235C3B7-A0EF-4F09-BD76-14D2AE7EBA12}.Release|Win32.ActiveCfg = Release|x86
		{2235C3B7-A0EF-4F09-BD76-14D2AE7EBA12}.Release|Win32.Build.0 = Release|x86
		{2235C3B7-A0EF-4F09-BD76-14D2AE7EBA12}.Release|x86.ActiveCfg = Release|x86
		{2235C3B7-A0EF-4F09-BD76-14D2AE7EBA12}.Release|x86.Build.0 = Release|x86
		{067CA0B8-EE2C-45DA-A018-0A983CDC1E93}.BETA_Release|Any CPU.ActiveCfg = BETA_Release|Any CPU
		{067CA0B8-EE2C-45DA-A018-0A983CDC1E93}.BETA_Release|Any CPU.Build.0 = BETA_Release|Any CPU
		{067CA0B8-EE2C-45DA-A018-0A983CDC1E93}.BETA_Release|Mixed Platforms.ActiveCfg = BETA_Release|Any CPU
		{067CA0B8-EE2C-45DA-A018-0A983CDC1E93}.BETA_Release|Mixed Platforms.Build.0 = BETA_Release|Any CPU
		{067CA0B8-EE2C-45DA-A018-0A983CDC1E93}.BETA_Release|Win32.ActiveCfg = BETA_Release|Any CPU
		{067CA0B8-EE2C-45DA-A018-0A983CDC1E93}.BETA_Release|x86.ActiveCfg = BETA_Release|Any CPU
		{067CA0B8-EE2C-45DA-A018-0A983CDC1E93}.Debug|Any CPU.ActiveCfg = Debug|Any CPU
		{067CA0B8-EE2C-45DA-A018-0A983CDC1E93}.Debug|Any CPU.Build.0 = Debug|Any CPU
		{067CA0B8-EE2C-45DA-A018-0A983CDC1E93}.Debug|Mixed Platforms.ActiveCfg = Debug|Any CPU
		{067CA0B8-EE2C-45DA-A018-0A983CDC1E93}.Debug|Mixed Platforms.Build.0 = Debug|Any CPU
		{067CA0B8-EE2C-45DA-A018-0A983CDC1E93}.Debug|Win32.ActiveCfg = Debug|Any CPU
		{067CA0B8-EE2C-45DA-A018-0A983CDC1E93}.Debug|Win32.Build.0 = Debug|Any CPU
		{067CA0B8-EE2C-45DA-A018-0A983CDC1E93}.Debug|x86.ActiveCfg = Debug|Any CPU
		{067CA0B8-EE2C-45DA-A018-0A983CDC1E93}.Release|Any CPU.ActiveCfg = Release|Any CPU
		{067CA0B8-EE2C-45DA-A018-0A983CDC1E93}.Release|Any CPU.Build.0 = Release|Any CPU
		{067CA0B8-EE2C-45DA-A018-0A983CDC1E93}.Release|Mixed Platforms.ActiveCfg = Release|Any CPU
		{067CA0B8-EE2C-45DA-A018-0A983CDC1E93}.Release|Mixed Platforms.Build.0 = Release|Any CPU
		{067CA0B8-EE2C-45DA-A018-0A983CDC1E93}.Release|Win32.ActiveCfg = Release|Any CPU
		{067CA0B8-EE2C-45DA-A018-0A983CDC1E93}.Release|Win32.Build.0 = Release|Any CPU
		{067CA0B8-EE2C-45DA-A018-0A983CDC1E93}.Release|x86.ActiveCfg = Release|Any CPU
		{58F81070-F1BF-4C55-8275-29F4D76D775A}.BETA_Release|Any CPU.ActiveCfg = BETA_Release|Win32
		{58F81070-F1BF-4C55-8275-29F4D76D775A}.BETA_Release|Mixed Platforms.ActiveCfg = BETA_Release|Win32
		{58F81070-F1BF-4C55-8275-29F4D76D775A}.BETA_Release|Mixed Platforms.Build.0 = BETA_Release|Win32
		{58F81070-F1BF-4C55-8275-29F4D76D775A}.BETA_Release|Win32.ActiveCfg = BETA_Release|Win32
		{58F81070-F1BF-4C55-8275-29F4D76D775A}.BETA_Release|Win32.Build.0 = BETA_Release|Win32
		{58F81070-F1BF-4C55-8275-29F4D76D775A}.BETA_Release|x86.ActiveCfg = BETA_Release|Win32
		{58F81070-F1BF-4C55-8275-29F4D76D775A}.BETA_Release|x86.Build.0 = BETA_Release|Win32
		{58F81070-F1BF-4C55-8275-29F4D76D775A}.Debug|Any CPU.ActiveCfg = Debug|Win32
		{58F81070-F1BF-4C55-8275-29F4D76D775A}.Debug|Any CPU.Build.0 = Debug|Win32
		{58F81070-F1BF-4C55-8275-29F4D76D775A}.Debug|Mixed Platforms.ActiveCfg = Debug|Win32
		{58F81070-F1BF-4C55-8275-29F4D76D775A}.Debug|Mixed Platforms.Build.0 = Debug|Win32
		{58F81070-F1BF-4C55-8275-29F4D76D775A}.Debug|Win32.ActiveCfg = Debug|Win32
		{58F81070-F1BF-4C55-8275-29F4D76D775A}.Debug|Win32.Build.0 = Debug|Win32
		{58F81070-F1BF-4C55-8275-29F4D76D775A}.Debug|x86.ActiveCfg = Debug|Win32
		{58F81070-F1BF-4C55-8275-29F4D76D775A}.Debug|x86.Build.0 = Debug|Win32
		{58F81070-F1BF-4C55-8275-29F4D76D775A}.Release|Any CPU.ActiveCfg = Release|Win32
		{58F81070-F1BF-4C55-8275-29F4D76D775A}.Release|Mixed Platforms.ActiveCfg = Release|Win32
		{58F81070-F1BF-4C55-8275-29F4D76D775A}.Release|Mixed Platforms.Build.0 = Release|Win32
		{58F81070-F1BF-4C55-8275-29F4D76D775A}.Release|Win32.ActiveCfg = Release|Win32
		{58F81070-F1BF-4C55-8275-29F4D76D775A}.Release|Win32.Build.0 = Release|Win32
		{58F81070-F1BF-4C55-8275-29F4D76D775A}.Release|x86.ActiveCfg = Release|Win32
		{58F81070-F1BF-4C55-8275-29F4D76D775A}.Release|x86.Build.0 = Release|Win32
		{5E90F182-93B9-4761-89CD-D156B65F31EC}.BETA_Release|Any CPU.ActiveCfg = Release|Any CPU
		{5E90F182-93B9-4761-89CD-D156B65F31EC}.BETA_Release|Mixed Platforms.ActiveCfg = Release|Any CPU
		{5E90F182-93B9-4761-89CD-D156B65F31EC}.BETA_Release|Win32.ActiveCfg = Release|Any CPU
		{5E90F182-93B9-4761-89CD-D156B65F31EC}.BETA_Release|x86.ActiveCfg = Release|Any CPU
		{5E90F182-93B9-4761-89CD-D156B65F31EC}.Debug|Any CPU.ActiveCfg = Debug|Any CPU
		{5E90F182-93B9-4761-89CD-D156B65F31EC}.Debug|Any CPU.Build.0 = Debug|Any CPU
		{5E90F182-93B9-4761-89CD-D156B65F31EC}.Debug|Mixed Platforms.ActiveCfg = Debug|Any CPU
		{5E90F182-93B9-4761-89CD-D156B65F31EC}.Debug|Mixed Platforms.Build.0 = Debug|Any CPU
		{5E90F182-93B9-4761-89CD-D156B65F31EC}.Debug|Win32.ActiveCfg = Debug|Any CPU
		{5E90F182-93B9-4761-89CD-D156B65F31EC}.Debug|x86.ActiveCfg = Debug|Any CPU
		{5E90F182-93B9-4761-89CD-D156B65F31EC}.Release|Any CPU.ActiveCfg = Release|Any CPU
		{5E90F182-93B9-4761-89CD-D156B65F31EC}.Release|Any CPU.Build.0 = Release|Any CPU
		{5E90F182-93B9-4761-89CD-D156B65F31EC}.Release|Mixed Platforms.ActiveCfg = Release|Any CPU
		{5E90F182-93B9-4761-89CD-D156B65F31EC}.Release|Mixed Platforms.Build.0 = Release|Any CPU
		{5E90F182-93B9-4761-89CD-D156B65F31EC}.Release|Win32.ActiveCfg = Release|Any CPU
		{5E90F182-93B9-4761-89CD-D156B65F31EC}.Release|x86.ActiveCfg = Release|Any CPU
		{8B689749-0D91-4F48-8539-27DC96899979}.BETA_Release|Any CPU.ActiveCfg = Release|x86
		{8B689749-0D91-4F48-8539-27DC96899979}.BETA_Release|Mixed Platforms.ActiveCfg = Release|x86
		{8B689749-0D91-4F48-8539-27DC96899979}.BETA_Release|Mixed Platforms.Build.0 = Release|x86
		{8B689749-0D91-4F48-8539-27DC96899979}.BETA_Release|Win32.ActiveCfg = Release|x86
		{8B689749-0D91-4F48-8539-27DC96899979}.BETA_Release|Win32.Build.0 = Release|x86
		{8B689749-0D91-4F48-8539-27DC96899979}.BETA_Release|x86.ActiveCfg = Release|x86
		{8B689749-0D91-4F48-8539-27DC96899979}.BETA_Release|x86.Build.0 = Release|x86
		{8B689749-0D91-4F48-8539-27DC96899979}.Debug|Any CPU.ActiveCfg = Debug|x86
		{8B689749-0D91-4F48-8539-27DC96899979}.Debug|Any CPU.Build.0 = Debug|x86
		{8B689749-0D91-4F48-8539-27DC96899979}.Debug|Mixed Platforms.ActiveCfg = Debug|x86
		{8B689749-0D91-4F48-8539-27DC96899979}.Debug|Mixed Platforms.Build.0 = Debug|x86
		{8B689749-0D91-4F48-8539-27DC96899979}.Debug|Win32.ActiveCfg = Debug|x86
		{8B689749-0D91-4F48-8539-27DC96899979}.Debug|Win32.Build.0 = Debug|x86
		{8B689749-0D91-4F48-8539-27DC96899979}.Debug|x86.ActiveCfg = Debug|x86
		{8B689749-0D91-4F48-8539-27DC96899979}.Debug|x86.Build.0 = Debug|x86
		{8B689749-0D91-4F48-8539-27DC96899979}.Release|Any CPU.ActiveCfg = Release|x86
		{8B689749-0D91-4F48-8539-27DC96899979}.Release|Mixed Platforms.ActiveCfg = Release|x86
		{8B689749-0D91-4F48-8539-27DC96899979}.Release|Mixed Platforms.Build.0 = Release|x86
		{8B689749-0D91-4F48-8539-27DC96899979}.Release|Win32.ActiveCfg = Release|x86
		{8B689749-0D91-4F48-8539-27DC96899979}.Release|Win32.Build.0 = Release|x86
		{8B689749-0D91-4F48-8539-27DC96899979}.Release|x86.ActiveCfg = Release|x86
		{8B689749-0D91-4F48-8539-27DC96899979}.Release|x86.Build.0 = Release|x86
	EndGlobalSection
	GlobalSection(SolutionProperties) = preSolution
		HideSolutionNode = FALSE
	EndGlobalSection
	GlobalSection(NestedProjects) = preSolution
		{D06B8B9B-B54F-4541-8D14-8034C31B1698} = {4C10FB14-D7ED-4ED2-AF28-9573C39F5F67}
		{638039D8-67B4-4949-81FA-8FF970A7C3CC} = {5A570DE1-8EB8-4EE8-9384-1393288F260E}
		{8EE335EA-16DF-4578-A795-586AC256C85F} = {5A570DE1-8EB8-4EE8-9384-1393288F260E}
		{228C0DB8-6239-4792-AA51-2065880C5507} = {4C10FB14-D7ED-4ED2-AF28-9573C39F5F67}
		{74A56C3D-BB0C-4FC3-BF58-3AE8A8409896} = {E8076833-E7A8-40F9-B257-85CC7B4BFEB5}
		{815B5837-B1F9-48F0-834C-762DC2A4023C} = {4C10FB14-D7ED-4ED2-AF28-9573C39F5F67}
		{124818C8-9136-4DD7-9AA3-CDC068BC8B56} = {E8076833-E7A8-40F9-B257-85CC7B4BFEB5}
		{7BD80B94-ACAA-4B66-9698-9100439B2B79} = {5A570DE1-8EB8-4EE8-9384-1393288F260E}
		{1CE251FA-3A60-4FE9-A5CD-8B7424E0C8CE} = {4C10FB14-D7ED-4ED2-AF28-9573C39F5F67}
		{DED7FE44-9D88-4CD6-A749-FF7D382ACD54} = {4C10FB14-D7ED-4ED2-AF28-9573C39F5F67}
		{DA77CE2B-0A9D-4A9C-8035-A15C6416B355} = {4C10FB14-D7ED-4ED2-AF28-9573C39F5F67}
		{C259C062-E8E1-464D-8982-CE00EB176814} = {4C10FB14-D7ED-4ED2-AF28-9573C39F5F67}
		{44584B72-8B00-4603-AD0D-A7F88CA0A537} = {363020D1-885A-4C53-8A02-6E949E6D693F}
		{3249CBA7-E602-400C-8CBF-F0C1CC49F266} = {363020D1-885A-4C53-8A02-6E949E6D693F}
		{B4CAF2DA-4872-4CCE-ABA3-81D5EE80F178} = {4C10FB14-D7ED-4ED2-AF28-9573C39F5F67}
		{B82974A5-6898-4527-B483-60D6703833FF} = {4C10FB14-D7ED-4ED2-AF28-9573C39F5F67}
		{7725A37A-915C-438B-A70D-35687B19A273} = {4C10FB14-D7ED-4ED2-AF28-9573C39F5F67}
		{66BDF81F-3B21-4611-8E0A-7C58528224DC} = {4C10FB14-D7ED-4ED2-AF28-9573C39F5F67}
		{2235C3B7-A0EF-4F09-BD76-14D2AE7EBA12} = {4C10FB14-D7ED-4ED2-AF28-9573C39F5F67}
		{067CA0B8-EE2C-45DA-A018-0A983CDC1E93} = {4C10FB14-D7ED-4ED2-AF28-9573C39F5F67}
		{58F81070-F1BF-4C55-8275-29F4D76D775A} = {4C10FB14-D7ED-4ED2-AF28-9573C39F5F67}
		{5E90F182-93B9-4761-89CD-D156B65F31EC} = {4C10FB14-D7ED-4ED2-AF28-9573C39F5F67}
		{8B689749-0D91-4F48-8539-27DC96899979} = {4C10FB14-D7ED-4ED2-AF28-9573C39F5F67}
	EndGlobalSection
EndGlobal
